
Microsoft Visual Studio Solution File, Format Version 12.00
# Visual Studio Version 17
VisualStudioVersion = 17.5.002.0
MinimumVisualStudioVersion = 10.0.40219.1
Project("{2150E333-8FDC-42A3-9474-1A3956D46DE8}") = "CsharpProjects", "CsharpProjects", "{0FCEE5E0-246B-4663-B726-0306C32D3807}"
EndProject
Project("{9A19103F-16F7-4668-BE54-9A1E7A4F7556}") = "TestProject", "CsharpProjects\TestProject\TestProject.csproj", "{A30BFF3C-5A63-4D94-8784-76CF202CC5D3}"
EndProject
Global
	GlobalSection(SolutionConfigurationPlatforms) = preSolution
		Debug|Any CPU = Debug|Any CPU
		Release|Any CPU = Release|Any CPU
	EndGlobalSection
	GlobalSection(ProjectConfigurationPlatforms) = postSolution
		{A30BFF3C-5A63-4D94-8784-76CF202CC5D3}.Debug|Any CPU.ActiveCfg = Debug|Any CPU
		{A30BFF3C-5A63-4D94-8784-76CF202CC5D3}.Debug|Any CPU.Build.0 = Debug|Any CPU
		{A30BFF3C-5A63-4D94-8784-76CF202CC5D3}.Release|Any CPU.ActiveCfg = Release|Any CPU
		{A30BFF3C-5A63-4D94-8784-76CF202CC5D3}.Release|Any CPU.Build.0 = Release|Any CPU
	EndGlobalSection
	GlobalSection(SolutionProperties) = preSolution
		HideSolutionNode = FALSE
	EndGlobalSection
	GlobalSection(NestedProjects) = preSolution
		{A30BFF3C-5A63-4D94-8784-76CF202CC5D3} = {0FCEE5E0-246B-4663-B726-0306C32D3807}
	EndGlobalSection
	GlobalSection(ExtensibilityGlobals) = postSolution
		SolutionGuid = {C08883EE-9BCF-4312-B75D-36F385C826E5}
	EndGlobalSection
EndGlobal
